<?xml version="1.0" encoding="utf-8"?>
<Project ToolsVersion="4.0" xmlns="http://schemas.microsoft.com/developer/msbuild/2003">
  <ItemGroup>
    <Filter Include="Исходные файлы">
      <UniqueIdentifier>{4FC737F1-C7A5-4376-A066-2A32D752A2FF}</UniqueIdentifier>
      <Extensions>cpp;c;cc;cxx;def;odl;idl;hpj;bat;asm;asmx</Extensions>
    </Filter>
    <Filter Include="Файлы заголовков">
      <UniqueIdentifier>{93995380-89BD-4b04-88EB-625FBE52EBFB}</UniqueIdentifier>
      <Extensions>h;hh;hpp;hxx;hm;inl;inc;ipp;xsd</Extensions>
    </Filter>
    <Filter Include="Файлы ресурсов">
      <UniqueIdentifier>{67DA6AB6-F800-4c08-8B7A-83BB121AAD01}</UniqueIdentifier>
      <Extensions>rc;ico;cur;bmp;dlg;rc2;rct;bin;rgs;gif;jpg;jpeg;jpe;resx;tiff;tif;png;wav;mfcribbon-ms</Extensions>
    </Filter>
    <Filter Include="Исходные файлы\CPU">
      <UniqueIdentifier>{b28652d6-0b23-44fe-a360-21e02914bdca}</UniqueIdentifier>
    </Filter>
    <Filter Include="Файлы заголовков\CPU">
      <UniqueIdentifier>{6f242d22-deaf-4d79-b786-2a12378866dc}</UniqueIdentifier>
    </Filter>
    <Filter Include="Файлы заголовков\Bus">
      <UniqueIdentifier>{bc8c6615-52c1-45ba-a0ba-5a876983e270}</UniqueIdentifier>
    </Filter>
    <Filter Include="Исходные файлы\Bus">
      <UniqueIdentifier>{7ab389f1-2544-4d37-bdbc-b3f5765db6e5}</UniqueIdentifier>
    </Filter>
    <Filter Include="Файлы заголовков\GUI LIB">
      <UniqueIdentifier>{6d426671-c0bc-4b91-9d79-f973c88c49b3}</UniqueIdentifier>
    </Filter>
  </ItemGroup>
  <ItemGroup>
    <ClCompile Include="src\Bus.cpp">
      <Filter>Исходные файлы\Bus</Filter>
    </ClCompile>
    <ClCompile Include="src\BusDevice.cpp">
      <Filter>Исходные файлы</Filter>
    </ClCompile>
    <ClCompile Include="src\GPU.cpp">
      <Filter>Исходные файлы\Bus</Filter>
    </ClCompile>
    <ClCompile Include="src\main.cpp">
      <Filter>Исходные файлы</Filter>
    </ClCompile>
    <ClCompile Include="src\Memory.cpp">
      <Filter>Исходные файлы\Bus</Filter>
    </ClCompile>
    <ClCompile Include="src\Ox64cmCPU.cpp">
      <Filter>Исходные файлы\CPU</Filter>
    </ClCompile>
    <ClCompile Include="src\Process.cpp">
      <Filter>Исходные файлы</Filter>
    </ClCompile>
    <ClCompile Include="src\RegisterFile.cpp">
      <Filter>Исходные файлы</Filter>
    </ClCompile>
  </ItemGroup>
  <ItemGroup>
    <ClInclude Include="src\Status.h">
      <Filter>Файлы заголовков</Filter>
    </ClInclude>
    <ClInclude Include="src\Bus.h">
      <Filter>Файлы заголовков\Bus</Filter>
    </ClInclude>
    <ClInclude Include="src\BusDevice.h">
      <Filter>Файлы заголовков</Filter>
    </ClInclude>
    <ClInclude Include="src\GPU.h">
      <Filter>Файлы заголовков\Bus</Filter>
    </ClInclude>
    <ClInclude Include="src\MainWindow.h">
      <Filter>Файлы заголовков</Filter>
    </ClInclude>
    <ClInclude Include="src\Memory.h">
      <Filter>Файлы заголовков\Bus</Filter>
    </ClInclude>
    <ClInclude Include="src\olcPixelGameEngine.h">
      <Filter>Файлы заголовков\GUI LIB</Filter>
    </ClInclude>
    <ClInclude Include="src\Ox64cmCPU.h">
      <Filter>Файлы заголовков\CPU</Filter>
    </ClInclude>
    <ClInclude Include="src\Process.h">
      <Filter>Файлы заголовков</Filter>
    </ClInclude>
    <ClInclude Include="src\RegisterFile.h">
      <Filter>Файлы заголовков</Filter>
    </ClInclude>
  </ItemGroup>
</Project>